# THIS IS AN AUTOGENERATED FILE. DO NOT EDIT THIS FILE DIRECTLY.
# yarn lockfile v1


"@firebase/firestore-types@^2.5.0":
  version "2.5.0"
  resolved "https://registry.yarnpkg.com/@firebase/firestore-types/-/firestore-types-2.5.0.tgz#16fca40b6980fdb000de86042d7a96635f2bcdd7"
  integrity sha512-I6c2m1zUhZ5SH0cWPmINabDyH5w0PPFHk2UHsjBpKdZllzJZ2TwTkXbDtpHUZNmnc/zAa0WNMNMvcvbb/xJLKA==

"@react-native-firebase/remote-config@^12.7.5":
  version "12.7.5"
  resolved "https://registry.yarnpkg.com/@react-native-firebase/remote-config/-/remote-config-12.7.5.tgz#773444088b7aa321d8e3f2cbfec2b64727618917"
  integrity sha512-Dws90TPvoifhnQMLRBs6E4aIwVBGYfBSUgp6PAv43yW5yQ5KpEC60zQ7bFgBx98SWsQHDVuW9oI0VCbWzrD9Bg==

"@types/prop-types@*":
  version "15.7.4"
  resolved "https://registry.yarnpkg.com/@types/prop-types/-/prop-types-15.7.4.tgz#fcf7205c25dff795ee79af1e30da2c9790808f11"
  integrity sha512-rZ5drC/jWjrArrS8BR6SIr4cWpW09RNTYt9AMZo3Jwwif+iacXAqgVjm0B0Bv/S1jhDXKHqRVNCbACkJ89RAnQ==

"@types/react-native@^0.64.14":
  version "0.64.14"
  resolved "https://registry.yarnpkg.com/@types/react-native/-/react-native-0.64.14.tgz#6a72d7585c7075da51d45c1c825d04d09cb240b5"
  integrity sha512-RBBc55sV2AS/ibdiyuju+Ju0HXZH6AP//ZlcK4lWatOWgeFYqBZlYWl+nKa4efYwlotg+1gWkyd2vYEKVF1a/w==
  dependencies:
    "@types/react" "*"

"@types/react@*":
  version "17.0.20"
  resolved "https://registry.yarnpkg.com/@types/react/-/react-17.0.20.tgz#a4284b184d47975c71658cd69e759b6bd37c3b8c"
  integrity sha512-wWZrPlihslrPpcKyCSlmIlruakxr57/buQN1RjlIeaaTWDLtJkTtRW429MoQJergvVKc4IWBpRhWw7YNh/7GVA==
  dependencies:
    "@types/prop-types" "*"
    "@types/scheduler" "*"
    csstype "^3.0.2"

"@types/scheduler@*":
  version "0.16.2"
  resolved "https://registry.yarnpkg.com/@types/scheduler/-/scheduler-0.16.2.tgz#1a62f89525723dde24ba1b01b092bf5df8ad4d39"
  integrity sha512-hppQEBDmlwhFAXKJX2KnWLYu5yMfi91yazPb2l+lbJiwW+wdo1gNeRA+3RgNSO39WYX2euey41KEwnqesU2Jew==

csstype@^3.0.2:
  version "3.0.8"
  resolved "https://registry.yarnpkg.com/csstype/-/csstype-3.0.8.tgz#d2266a792729fb227cd216fb572f43728e1ad340"
  integrity sha512-jXKhWqXPmlUeoQnF/EhTtTl4C9SnrxSH/jZUih3jmO6lBKr99rP3/+FmrMj4EFpOXzMtXHAZkd3x0E6h6Fgflw==
