# THIS IS AN AUTOGENERATED FILE. DO NOT EDIT THIS FILE DIRECTLY.
# yarn lockfile v1


"@firebase/firestore-types@^2.5.0":
  version "2.5.0"
  resolved "https://registry.yarnpkg.com/@firebase/firestore-types/-/firestore-types-2.5.0.tgz#16fca40b6980fdb000de86042d7a96635f2bcdd7"
  integrity sha512-I6c2m1zUhZ5SH0cWPmINabDyH5w0PPFHk2UHsjBpKdZllzJZ2TwTkXbDtpHUZNmnc/zAa0WNMNMvcvbb/xJLKA==

"@react-native-firebase/firestore@^14.3.1":
  version "14.3.1"
  resolved "https://registry.yarnpkg.com/@react-native-firebase/firestore/-/firestore-14.3.1.tgz#db6948db8ff6798739d77bf1f3547f88a235c664"
  integrity sha512-0d/YQwV/ZD0YRhuNyLT7fj6vznbPLdYib5XEfPwGpP1g84Qq0rOaPR5Dsd5W4vRC3B0ovfEs2bYTQSCzMfChhA==

"@react-native-firebase/remote-config@^12.7.5":
  version "12.7.5"
  resolved "https://registry.yarnpkg.com/@react-native-firebase/remote-config/-/remote-config-12.7.5.tgz#773444088b7aa321d8e3f2cbfec2b64727618917"
  integrity sha512-Dws90TPvoifhnQMLRBs6E4aIwVBGYfBSUgp6PAv43yW5yQ5KpEC60zQ7bFgBx98SWsQHDVuW9oI0VCbWzrD9Bg==

"@types/prop-types@*":
  version "15.7.4"
  resolved "https://registry.yarnpkg.com/@types/prop-types/-/prop-types-15.7.4.tgz#fcf7205c25dff795ee79af1e30da2c9790808f11"
  integrity sha512-rZ5drC/jWjrArrS8BR6SIr4cWpW09RNTYt9AMZo3Jwwif+iacXAqgVjm0B0Bv/S1jhDXKHqRVNCbACkJ89RAnQ==

"@types/react-native@^0.65.1":
  version "0.65.1"
  resolved "https://registry.yarnpkg.com/@types/react-native/-/react-native-0.65.1.tgz#7342158e10ea5088c225bb669dd4ef15aad0a2f7"
  integrity sha512-pyRmTnvjYORIXuL8+ZhoI8gqamTE/8Lo9bU/1Ife3VOTgeFzY9rHnx3Tna7OOixBW5Exh2PcHSkJXma4FENC0g==
  dependencies:
    "@types/react" "*"

"@types/react@*":
  version "17.0.24"
  resolved "https://registry.yarnpkg.com/@types/react/-/react-17.0.24.tgz#7e1b3f78d0fc53782543f9bce6d949959a5880bd"
  integrity sha512-eIpyco99gTH+FTI3J7Oi/OH8MZoFMJuztNRimDOJwH4iGIsKV2qkGnk4M9VzlaVWeEEWLWSQRy0FEA0Kz218cg==
  dependencies:
    "@types/prop-types" "*"
    "@types/scheduler" "*"
    csstype "^3.0.2"

"@types/scheduler@*":
  version "0.16.2"
  resolved "https://registry.yarnpkg.com/@types/scheduler/-/scheduler-0.16.2.tgz#1a62f89525723dde24ba1b01b092bf5df8ad4d39"
  integrity sha512-hppQEBDmlwhFAXKJX2KnWLYu5yMfi91yazPb2l+lbJiwW+wdo1gNeRA+3RgNSO39WYX2euey41KEwnqesU2Jew==

csstype@^3.0.2:
  version "3.0.9"
  resolved "https://registry.yarnpkg.com/csstype/-/csstype-3.0.9.tgz#6410af31b26bd0520933d02cbc64fce9ce3fbf0b"
  integrity sha512-rpw6JPxK6Rfg1zLOYCSwle2GFOOsnjmDYDaBwEcwoOg4qlsIVCN789VkBZDJAGi4T07gI4YSutR43t9Zz4Lzuw==
